
Microsoft Visual Studio Solution File, Format Version 12.00
# Visual Studio Version 16
VisualStudioVersion = 16.0.34114.132
MinimumVisualStudioVersion = 10.0.40219.1
Project("{FAE04EC0-301F-11D3-BF4B-00C04F79EFBC}") = "ex3", "ex3\ex3.csproj", "{77DCECB2-A98C-41A3-93DB-C29D7B5E7FE2}"
EndProject
Global
	GlobalSection(SolutionConfigurationPlatforms) = preSolution
		Debug|Any CPU = Debug|Any CPU
		Release|Any CPU = Release|Any CPU
	EndGlobalSection
	GlobalSection(ProjectConfigurationPlatforms) = postSolution
		{77DCECB2-A98C-41A3-93DB-C29D7B5E7FE2}.Debug|Any CPU.ActiveCfg = Debug|Any CPU
		{77DCECB2-A98C-41A3-93DB-C29D7B5E7FE2}.Debug|Any CPU.Build.0 = Debug|Any CPU
		{77DCECB2-A98C-41A3-93DB-C29D7B5E7FE2}.Release|Any CPU.ActiveCfg = Release|Any CPU
		{77DCECB2-A98C-41A3-93DB-C29D7B5E7FE2}.Release|Any CPU.Build.0 = Release|Any CPU
	EndGlobalSection
	GlobalSection(SolutionProperties) = preSolution
		HideSolutionNode = FALSE
	EndGlobalSection
	GlobalSection(ExtensibilityGlobals) = postSolution
		SolutionGuid = {3A71AD37-F7CD-4AE2-96CF-C827DFD1D1F4}
	EndGlobalSection
EndGlobal
